
Microsoft Visual Studio Solution File, Format Version 12.00
# Visual Studio 14
VisualStudioVersion = 14.0.25420.1
MinimumVisualStudioVersion = 10.0.40219.1
Project("{2150E333-8FDC-42A3-9474-1A3956D46DE8}") = "test", "test", "{5CBCA9DA-E726-411A-A2A3-B8A5CDF77E0D}"
EndProject
Project("{2150E333-8FDC-42A3-9474-1A3956D46DE8}") = "Solution Items", "Solution Items", "{0DDEE2B5-F9A1-4B8D-9D35-B6ADF2F62A84}"
	ProjectSection(SolutionItems) = preProject
		global.json = global.json
	EndProjectSection
EndProject
Project("{2150E333-8FDC-42A3-9474-1A3956D46DE8}") = "src", "src", "{5593232B-EAA7-4EF6-B1B9-A44D766294E2}"
EndProject
Project("{8BB2217D-0F2D-49D1-97BC-3654ED321F3B}") = "LibraryCore", "src\LibraryCore\LibraryCore.xproj", "{8AA972F1-C0CE-4C0B-91DF-F0AE38FB1ABA}"
EndProject
Project("{8BB2217D-0F2D-49D1-97BC-3654ED321F3B}") = "TestLibraryCore", "test\TestLibraryCore\TestLibraryCore.xproj", "{46B8DCDC-39F1-4A6E-8790-4BFBC989D330}"
EndProject
Project("{8BB2217D-0F2D-49D1-97BC-3654ED321F3B}") = "ConsoleAppCore", "src\ConsoleAppCore\ConsoleAppCore.xproj", "{29AC2EB2-A3F0-4F6B-92E5-B3DB497D19DB}"
EndProject
Project("{FAE04EC0-301F-11D3-BF4B-00C04F79EFBC}") = "ConsoleAppWin", "src\ConsoleAppWin\ConsoleAppWin.csproj", "{E1124022-37C9-49A2-97F7-C698134847AD}"
EndProject
Project("{FAE04EC0-301F-11D3-BF4B-00C04F79EFBC}") = "LibraryPCL", "src\LibraryPCL\LibraryPCL.csproj", "{D2C36EA2-B293-423F-9E5B-4C544B9FA5DD}"
EndProject
Global
	GlobalSection(SolutionConfigurationPlatforms) = preSolution
		Debug|Any CPU = Debug|Any CPU
		Release|Any CPU = Release|Any CPU
	EndGlobalSection
	GlobalSection(ProjectConfigurationPlatforms) = postSolution
		{8AA972F1-C0CE-4C0B-91DF-F0AE38FB1ABA}.Debug|Any CPU.ActiveCfg = Debug|Any CPU
		{8AA972F1-C0CE-4C0B-91DF-F0AE38FB1ABA}.Debug|Any CPU.Build.0 = Debug|Any CPU
		{8AA972F1-C0CE-4C0B-91DF-F0AE38FB1ABA}.Release|Any CPU.ActiveCfg = Release|Any CPU
		{8AA972F1-C0CE-4C0B-91DF-F0AE38FB1ABA}.Release|Any CPU.Build.0 = Release|Any CPU
		{46B8DCDC-39F1-4A6E-8790-4BFBC989D330}.Debug|Any CPU.ActiveCfg = Debug|Any CPU
		{46B8DCDC-39F1-4A6E-8790-4BFBC989D330}.Debug|Any CPU.Build.0 = Debug|Any CPU
		{46B8DCDC-39F1-4A6E-8790-4BFBC989D330}.Release|Any CPU.ActiveCfg = Release|Any CPU
		{46B8DCDC-39F1-4A6E-8790-4BFBC989D330}.Release|Any CPU.Build.0 = Release|Any CPU
		{29AC2EB2-A3F0-4F6B-92E5-B3DB497D19DB}.Debug|Any CPU.ActiveCfg = Debug|Any CPU
		{29AC2EB2-A3F0-4F6B-92E5-B3DB497D19DB}.Debug|Any CPU.Build.0 = Debug|Any CPU
		{29AC2EB2-A3F0-4F6B-92E5-B3DB497D19DB}.Release|Any CPU.ActiveCfg = Release|Any CPU
		{29AC2EB2-A3F0-4F6B-92E5-B3DB497D19DB}.Release|Any CPU.Build.0 = Release|Any CPU
		{E1124022-37C9-49A2-97F7-C698134847AD}.Debug|Any CPU.ActiveCfg = Debug|Any CPU
		{E1124022-37C9-49A2-97F7-C698134847AD}.Debug|Any CPU.Build.0 = Debug|Any CPU
		{E1124022-37C9-49A2-97F7-C698134847AD}.Release|Any CPU.ActiveCfg = Release|Any CPU
		{E1124022-37C9-49A2-97F7-C698134847AD}.Release|Any CPU.Build.0 = Release|Any CPU
		{D2C36EA2-B293-423F-9E5B-4C544B9FA5DD}.Debug|Any CPU.ActiveCfg = Debug|Any CPU
		{D2C36EA2-B293-423F-9E5B-4C544B9FA5DD}.Debug|Any CPU.Build.0 = Debug|Any CPU
		{D2C36EA2-B293-423F-9E5B-4C544B9FA5DD}.Release|Any CPU.ActiveCfg = Release|Any CPU
		{D2C36EA2-B293-423F-9E5B-4C544B9FA5DD}.Release|Any CPU.Build.0 = Release|Any CPU
	EndGlobalSection
	GlobalSection(SolutionProperties) = preSolution
		HideSolutionNode = FALSE
	EndGlobalSection
	GlobalSection(NestedProjects) = preSolution
		{8AA972F1-C0CE-4C0B-91DF-F0AE38FB1ABA} = {5593232B-EAA7-4EF6-B1B9-A44D766294E2}
		{46B8DCDC-39F1-4A6E-8790-4BFBC989D330} = {5CBCA9DA-E726-411A-A2A3-B8A5CDF77E0D}
		{29AC2EB2-A3F0-4F6B-92E5-B3DB497D19DB} = {5593232B-EAA7-4EF6-B1B9-A44D766294E2}
		{E1124022-37C9-49A2-97F7-C698134847AD} = {5593232B-EAA7-4EF6-B1B9-A44D766294E2}
		{D2C36EA2-B293-423F-9E5B-4C544B9FA5DD} = {5593232B-EAA7-4EF6-B1B9-A44D766294E2}
	EndGlobalSection
EndGlobal
