
Microsoft Visual Studio Solution File, Format Version 12.00
# Visual Studio 15
VisualStudioVersion = 15.0.26228.4
MinimumVisualStudioVersion = 10.0.40219.1
Project("{2150E333-8FDC-42A3-9474-1A3956D46DE8}") = "src", "src", "{A9CBC90E-DA01-4AC4-B613-BC3003717E4A}"
EndProject
Project("{2150E333-8FDC-42A3-9474-1A3956D46DE8}") = "test", "test", "{DCF51BD7-3573-438B-8B34-CBCDBCC677B6}"
EndProject
Project("{FAE04EC0-301F-11D3-BF4B-00C04F79EFBC}") = "ConsoleAppWin", "src\ConsoleAppWin\ConsoleAppWin.csproj", "{CD428CF2-A707-4CBA-A2FC-70E70580DE70}"
EndProject
Project("{FAE04EC0-301F-11D3-BF4B-00C04F79EFBC}") = "ConsoleAppCore", "src\ConsoleAppCore\ConsoleAppCore.csproj", "{BF7C962B-F43D-4163-B481-B66F499999DB}"
EndProject
Project("{FAE04EC0-301F-11D3-BF4B-00C04F79EFBC}") = "MyLibraryStandard", "src\MyLibraryStandard\MyLibraryStandard.csproj", "{C9406651-3D0A-49C6-BD98-8BBCFD699F8C}"
EndProject
Project("{FAE04EC0-301F-11D3-BF4B-00C04F79EFBC}") = "TestMyLibraryStandard", "test\TestMyLibraryStandard\TestMyLibraryStandard.csproj", "{8FA89741-7256-424D-85FB-30FC8347567E}"
EndProject
Global
	GlobalSection(SolutionConfigurationPlatforms) = preSolution
		Debug|Any CPU = Debug|Any CPU
		Debug|x64 = Debug|x64
		Debug|x86 = Debug|x86
		Release|Any CPU = Release|Any CPU
		Release|x64 = Release|x64
		Release|x86 = Release|x86
	EndGlobalSection
	GlobalSection(ProjectConfigurationPlatforms) = postSolution
		{CD428CF2-A707-4CBA-A2FC-70E70580DE70}.Debug|Any CPU.ActiveCfg = Debug|Any CPU
		{CD428CF2-A707-4CBA-A2FC-70E70580DE70}.Debug|Any CPU.Build.0 = Debug|Any CPU
		{CD428CF2-A707-4CBA-A2FC-70E70580DE70}.Debug|x64.ActiveCfg = Debug|Any CPU
		{CD428CF2-A707-4CBA-A2FC-70E70580DE70}.Debug|x64.Build.0 = Debug|Any CPU
		{CD428CF2-A707-4CBA-A2FC-70E70580DE70}.Debug|x86.ActiveCfg = Debug|Any CPU
		{CD428CF2-A707-4CBA-A2FC-70E70580DE70}.Debug|x86.Build.0 = Debug|Any CPU
		{CD428CF2-A707-4CBA-A2FC-70E70580DE70}.Release|Any CPU.ActiveCfg = Release|Any CPU
		{CD428CF2-A707-4CBA-A2FC-70E70580DE70}.Release|Any CPU.Build.0 = Release|Any CPU
		{CD428CF2-A707-4CBA-A2FC-70E70580DE70}.Release|x64.ActiveCfg = Release|Any CPU
		{CD428CF2-A707-4CBA-A2FC-70E70580DE70}.Release|x64.Build.0 = Release|Any CPU
		{CD428CF2-A707-4CBA-A2FC-70E70580DE70}.Release|x86.ActiveCfg = Release|Any CPU
		{CD428CF2-A707-4CBA-A2FC-70E70580DE70}.Release|x86.Build.0 = Release|Any CPU
		{BF7C962B-F43D-4163-B481-B66F499999DB}.Debug|Any CPU.ActiveCfg = Debug|Any CPU
		{BF7C962B-F43D-4163-B481-B66F499999DB}.Debug|Any CPU.Build.0 = Debug|Any CPU
		{BF7C962B-F43D-4163-B481-B66F499999DB}.Debug|x64.ActiveCfg = Debug|Any CPU
		{BF7C962B-F43D-4163-B481-B66F499999DB}.Debug|x64.Build.0 = Debug|Any CPU
		{BF7C962B-F43D-4163-B481-B66F499999DB}.Debug|x86.ActiveCfg = Debug|Any CPU
		{BF7C962B-F43D-4163-B481-B66F499999DB}.Debug|x86.Build.0 = Debug|Any CPU
		{BF7C962B-F43D-4163-B481-B66F499999DB}.Release|Any CPU.ActiveCfg = Release|Any CPU
		{BF7C962B-F43D-4163-B481-B66F499999DB}.Release|Any CPU.Build.0 = Release|Any CPU
		{BF7C962B-F43D-4163-B481-B66F499999DB}.Release|x64.ActiveCfg = Release|Any CPU
		{BF7C962B-F43D-4163-B481-B66F499999DB}.Release|x64.Build.0 = Release|Any CPU
		{BF7C962B-F43D-4163-B481-B66F499999DB}.Release|x86.ActiveCfg = Release|Any CPU
		{BF7C962B-F43D-4163-B481-B66F499999DB}.Release|x86.Build.0 = Release|Any CPU
		{C9406651-3D0A-49C6-BD98-8BBCFD699F8C}.Debug|Any CPU.ActiveCfg = Debug|Any CPU
		{C9406651-3D0A-49C6-BD98-8BBCFD699F8C}.Debug|Any CPU.Build.0 = Debug|Any CPU
		{C9406651-3D0A-49C6-BD98-8BBCFD699F8C}.Debug|x64.ActiveCfg = Debug|Any CPU
		{C9406651-3D0A-49C6-BD98-8BBCFD699F8C}.Debug|x64.Build.0 = Debug|Any CPU
		{C9406651-3D0A-49C6-BD98-8BBCFD699F8C}.Debug|x86.ActiveCfg = Debug|Any CPU
		{C9406651-3D0A-49C6-BD98-8BBCFD699F8C}.Debug|x86.Build.0 = Debug|Any CPU
		{C9406651-3D0A-49C6-BD98-8BBCFD699F8C}.Release|Any CPU.ActiveCfg = Release|Any CPU
		{C9406651-3D0A-49C6-BD98-8BBCFD699F8C}.Release|Any CPU.Build.0 = Release|Any CPU
		{C9406651-3D0A-49C6-BD98-8BBCFD699F8C}.Release|x64.ActiveCfg = Release|Any CPU
		{C9406651-3D0A-49C6-BD98-8BBCFD699F8C}.Release|x64.Build.0 = Release|Any CPU
		{C9406651-3D0A-49C6-BD98-8BBCFD699F8C}.Release|x86.ActiveCfg = Release|Any CPU
		{C9406651-3D0A-49C6-BD98-8BBCFD699F8C}.Release|x86.Build.0 = Release|Any CPU
		{8FA89741-7256-424D-85FB-30FC8347567E}.Debug|Any CPU.ActiveCfg = Debug|Any CPU
		{8FA89741-7256-424D-85FB-30FC8347567E}.Debug|Any CPU.Build.0 = Debug|Any CPU
		{8FA89741-7256-424D-85FB-30FC8347567E}.Debug|x64.ActiveCfg = Debug|Any CPU
		{8FA89741-7256-424D-85FB-30FC8347567E}.Debug|x64.Build.0 = Debug|Any CPU
		{8FA89741-7256-424D-85FB-30FC8347567E}.Debug|x86.ActiveCfg = Debug|Any CPU
		{8FA89741-7256-424D-85FB-30FC8347567E}.Debug|x86.Build.0 = Debug|Any CPU
		{8FA89741-7256-424D-85FB-30FC8347567E}.Release|Any CPU.ActiveCfg = Release|Any CPU
		{8FA89741-7256-424D-85FB-30FC8347567E}.Release|Any CPU.Build.0 = Release|Any CPU
		{8FA89741-7256-424D-85FB-30FC8347567E}.Release|x64.ActiveCfg = Release|Any CPU
		{8FA89741-7256-424D-85FB-30FC8347567E}.Release|x64.Build.0 = Release|Any CPU
		{8FA89741-7256-424D-85FB-30FC8347567E}.Release|x86.ActiveCfg = Release|Any CPU
		{8FA89741-7256-424D-85FB-30FC8347567E}.Release|x86.Build.0 = Release|Any CPU
	EndGlobalSection
	GlobalSection(SolutionProperties) = preSolution
		HideSolutionNode = FALSE
	EndGlobalSection
	GlobalSection(NestedProjects) = preSolution
		{CD428CF2-A707-4CBA-A2FC-70E70580DE70} = {A9CBC90E-DA01-4AC4-B613-BC3003717E4A}
		{BF7C962B-F43D-4163-B481-B66F499999DB} = {A9CBC90E-DA01-4AC4-B613-BC3003717E4A}
		{C9406651-3D0A-49C6-BD98-8BBCFD699F8C} = {A9CBC90E-DA01-4AC4-B613-BC3003717E4A}
		{8FA89741-7256-424D-85FB-30FC8347567E} = {DCF51BD7-3573-438B-8B34-CBCDBCC677B6}
	EndGlobalSection
EndGlobal
