
Microsoft Visual Studio Solution File, Format Version 12.00
# Visual Studio Version 16
VisualStudioVersion = 16.0.29709.97
MinimumVisualStudioVersion = 10.0.40219.1
Project("{9A19103F-16F7-4668-BE54-9A1E7A4F7556}") = "ConsoleAppCore", "ConsoleAppCore\ConsoleAppCore.csproj", "{42980AA5-AE42-4B0E-B59B-A42B8D2E6E56}"
EndProject
Project("{9A19103F-16F7-4668-BE54-9A1E7A4F7556}") = "WebAppCore", "WebAppCore\WebAppCore.csproj", "{69E8B0CC-E234-4870-B409-78B9B4C86CC6}"
EndProject
Project("{9A19103F-16F7-4668-BE54-9A1E7A4F7556}") = "WebAppCore.IntegrationTests", "WebAppCore.IntegrationTests\WebAppCore.IntegrationTests.csproj", "{2BACF707-3889-40FF-AB72-9C7B23ADC2A3}"
EndProject
Project("{2150E333-8FDC-42A3-9474-1A3956D46DE8}") = "Solution Items", "Solution Items", "{E25EE853-42F1-4A9C-90E2-D6B8E5BF7F88}"
	ProjectSection(SolutionItems) = preProject
		.travis.yml = .travis.yml
	EndProjectSection
EndProject
Project("{9A19103F-16F7-4668-BE54-9A1E7A4F7556}") = "WebAppCore.UnitTests", "WebAppCore.UnitTests\WebAppCore.UnitTests.csproj", "{45377F6B-0308-4349-A109-52F1DA9ABBB3}"
EndProject
Project("{9A19103F-16F7-4668-BE54-9A1E7A4F7556}") = "ConsoleAppCore.UnitTests", "ConsoleAppCore.UnitTests\ConsoleAppCore.UnitTests.csproj", "{D114641B-50DA-48A4-9412-8F1D46FA7E8A}"
EndProject
Global
	GlobalSection(SolutionConfigurationPlatforms) = preSolution
		Debug|Any CPU = Debug|Any CPU
		Debug|x64 = Debug|x64
		Debug|x86 = Debug|x86
		Release|Any CPU = Release|Any CPU
		Release|x64 = Release|x64
		Release|x86 = Release|x86
	EndGlobalSection
	GlobalSection(ProjectConfigurationPlatforms) = postSolution
		{42980AA5-AE42-4B0E-B59B-A42B8D2E6E56}.Debug|Any CPU.ActiveCfg = Debug|Any CPU
		{42980AA5-AE42-4B0E-B59B-A42B8D2E6E56}.Debug|Any CPU.Build.0 = Debug|Any CPU
		{42980AA5-AE42-4B0E-B59B-A42B8D2E6E56}.Debug|x64.ActiveCfg = Debug|Any CPU
		{42980AA5-AE42-4B0E-B59B-A42B8D2E6E56}.Debug|x64.Build.0 = Debug|Any CPU
		{42980AA5-AE42-4B0E-B59B-A42B8D2E6E56}.Debug|x86.ActiveCfg = Debug|Any CPU
		{42980AA5-AE42-4B0E-B59B-A42B8D2E6E56}.Debug|x86.Build.0 = Debug|Any CPU
		{42980AA5-AE42-4B0E-B59B-A42B8D2E6E56}.Release|Any CPU.ActiveCfg = Release|Any CPU
		{42980AA5-AE42-4B0E-B59B-A42B8D2E6E56}.Release|Any CPU.Build.0 = Release|Any CPU
		{42980AA5-AE42-4B0E-B59B-A42B8D2E6E56}.Release|x64.ActiveCfg = Release|Any CPU
		{42980AA5-AE42-4B0E-B59B-A42B8D2E6E56}.Release|x64.Build.0 = Release|Any CPU
		{42980AA5-AE42-4B0E-B59B-A42B8D2E6E56}.Release|x86.ActiveCfg = Release|Any CPU
		{42980AA5-AE42-4B0E-B59B-A42B8D2E6E56}.Release|x86.Build.0 = Release|Any CPU
		{69E8B0CC-E234-4870-B409-78B9B4C86CC6}.Debug|Any CPU.ActiveCfg = Debug|Any CPU
		{69E8B0CC-E234-4870-B409-78B9B4C86CC6}.Debug|Any CPU.Build.0 = Debug|Any CPU
		{69E8B0CC-E234-4870-B409-78B9B4C86CC6}.Debug|x64.ActiveCfg = Debug|Any CPU
		{69E8B0CC-E234-4870-B409-78B9B4C86CC6}.Debug|x64.Build.0 = Debug|Any CPU
		{69E8B0CC-E234-4870-B409-78B9B4C86CC6}.Debug|x86.ActiveCfg = Debug|Any CPU
		{69E8B0CC-E234-4870-B409-78B9B4C86CC6}.Debug|x86.Build.0 = Debug|Any CPU
		{69E8B0CC-E234-4870-B409-78B9B4C86CC6}.Release|Any CPU.ActiveCfg = Release|Any CPU
		{69E8B0CC-E234-4870-B409-78B9B4C86CC6}.Release|Any CPU.Build.0 = Release|Any CPU
		{69E8B0CC-E234-4870-B409-78B9B4C86CC6}.Release|x64.ActiveCfg = Release|Any CPU
		{69E8B0CC-E234-4870-B409-78B9B4C86CC6}.Release|x64.Build.0 = Release|Any CPU
		{69E8B0CC-E234-4870-B409-78B9B4C86CC6}.Release|x86.ActiveCfg = Release|Any CPU
		{69E8B0CC-E234-4870-B409-78B9B4C86CC6}.Release|x86.Build.0 = Release|Any CPU
		{2BACF707-3889-40FF-AB72-9C7B23ADC2A3}.Debug|Any CPU.ActiveCfg = Debug|Any CPU
		{2BACF707-3889-40FF-AB72-9C7B23ADC2A3}.Debug|Any CPU.Build.0 = Debug|Any CPU
		{2BACF707-3889-40FF-AB72-9C7B23ADC2A3}.Debug|x64.ActiveCfg = Debug|Any CPU
		{2BACF707-3889-40FF-AB72-9C7B23ADC2A3}.Debug|x64.Build.0 = Debug|Any CPU
		{2BACF707-3889-40FF-AB72-9C7B23ADC2A3}.Debug|x86.ActiveCfg = Debug|Any CPU
		{2BACF707-3889-40FF-AB72-9C7B23ADC2A3}.Debug|x86.Build.0 = Debug|Any CPU
		{2BACF707-3889-40FF-AB72-9C7B23ADC2A3}.Release|Any CPU.ActiveCfg = Release|Any CPU
		{2BACF707-3889-40FF-AB72-9C7B23ADC2A3}.Release|Any CPU.Build.0 = Release|Any CPU
		{2BACF707-3889-40FF-AB72-9C7B23ADC2A3}.Release|x64.ActiveCfg = Release|Any CPU
		{2BACF707-3889-40FF-AB72-9C7B23ADC2A3}.Release|x64.Build.0 = Release|Any CPU
		{2BACF707-3889-40FF-AB72-9C7B23ADC2A3}.Release|x86.ActiveCfg = Release|Any CPU
		{2BACF707-3889-40FF-AB72-9C7B23ADC2A3}.Release|x86.Build.0 = Release|Any CPU
		{45377F6B-0308-4349-A109-52F1DA9ABBB3}.Debug|Any CPU.ActiveCfg = Debug|Any CPU
		{45377F6B-0308-4349-A109-52F1DA9ABBB3}.Debug|Any CPU.Build.0 = Debug|Any CPU
		{45377F6B-0308-4349-A109-52F1DA9ABBB3}.Debug|x64.ActiveCfg = Debug|Any CPU
		{45377F6B-0308-4349-A109-52F1DA9ABBB3}.Debug|x64.Build.0 = Debug|Any CPU
		{45377F6B-0308-4349-A109-52F1DA9ABBB3}.Debug|x86.ActiveCfg = Debug|Any CPU
		{45377F6B-0308-4349-A109-52F1DA9ABBB3}.Debug|x86.Build.0 = Debug|Any CPU
		{45377F6B-0308-4349-A109-52F1DA9ABBB3}.Release|Any CPU.ActiveCfg = Release|Any CPU
		{45377F6B-0308-4349-A109-52F1DA9ABBB3}.Release|Any CPU.Build.0 = Release|Any CPU
		{45377F6B-0308-4349-A109-52F1DA9ABBB3}.Release|x64.ActiveCfg = Release|Any CPU
		{45377F6B-0308-4349-A109-52F1DA9ABBB3}.Release|x64.Build.0 = Release|Any CPU
		{45377F6B-0308-4349-A109-52F1DA9ABBB3}.Release|x86.ActiveCfg = Release|Any CPU
		{45377F6B-0308-4349-A109-52F1DA9ABBB3}.Release|x86.Build.0 = Release|Any CPU
		{D114641B-50DA-48A4-9412-8F1D46FA7E8A}.Debug|Any CPU.ActiveCfg = Debug|Any CPU
		{D114641B-50DA-48A4-9412-8F1D46FA7E8A}.Debug|Any CPU.Build.0 = Debug|Any CPU
		{D114641B-50DA-48A4-9412-8F1D46FA7E8A}.Debug|x64.ActiveCfg = Debug|Any CPU
		{D114641B-50DA-48A4-9412-8F1D46FA7E8A}.Debug|x64.Build.0 = Debug|Any CPU
		{D114641B-50DA-48A4-9412-8F1D46FA7E8A}.Debug|x86.ActiveCfg = Debug|Any CPU
		{D114641B-50DA-48A4-9412-8F1D46FA7E8A}.Debug|x86.Build.0 = Debug|Any CPU
		{D114641B-50DA-48A4-9412-8F1D46FA7E8A}.Release|Any CPU.ActiveCfg = Release|Any CPU
		{D114641B-50DA-48A4-9412-8F1D46FA7E8A}.Release|Any CPU.Build.0 = Release|Any CPU
		{D114641B-50DA-48A4-9412-8F1D46FA7E8A}.Release|x64.ActiveCfg = Release|Any CPU
		{D114641B-50DA-48A4-9412-8F1D46FA7E8A}.Release|x64.Build.0 = Release|Any CPU
		{D114641B-50DA-48A4-9412-8F1D46FA7E8A}.Release|x86.ActiveCfg = Release|Any CPU
		{D114641B-50DA-48A4-9412-8F1D46FA7E8A}.Release|x86.Build.0 = Release|Any CPU
	EndGlobalSection
	GlobalSection(SolutionProperties) = preSolution
		HideSolutionNode = FALSE
	EndGlobalSection
	GlobalSection(ExtensibilityGlobals) = postSolution
		SolutionGuid = {C972818F-A46C-4304-B7AA-E733AF55D60B}
	EndGlobalSection
EndGlobal
